// !$*UTF8*$!
{
	archiveVersion = 1;
	classes = {
	};
	objectVersion = 50;
	objects = {

/* Begin PBXBuildFile section */
		658028AF23DA0B1300BE3543 /* AppDelegate.swift in Sources */ = {isa = PBXBuildFile; fileRef = 658028AE23DA0B1300BE3543 /* AppDelegate.swift */; };
		658028B123DA0B1300BE3543 /* SceneDelegate.swift in Sources */ = {isa = PBXBuildFile; fileRef = 658028B023DA0B1300BE3543 /* SceneDelegate.swift */; };
		658028B623DA0B1300BE3543 /* Main.storyboard in Resources */ = {isa = PBXBuildFile; fileRef = 658028B423DA0B1300BE3543 /* Main.storyboard */; };
		658028B823DA0B1300BE3543 /* Assets.xcassets in Resources */ = {isa = PBXBuildFile; fileRef = 658028B723DA0B1300BE3543 /* Assets.xcassets */; };
		658028BB23DA0B1300BE3543 /* LaunchScreen.storyboard in Resources */ = {isa = PBXBuildFile; fileRef = 658028B923DA0B1300BE3543 /* LaunchScreen.storyboard */; };
		658028CA23DA0E5100BE3543 /* Person.swift in Sources */ = {isa = PBXBuildFile; fileRef = 658028C923DA0E5100BE3543 /* Person.swift */; };
		658028CC23DA10DA00BE3543 /* PersonController.swift in Sources */ = {isa = PBXBuildFile; fileRef = 658028CB23DA10DA00BE3543 /* PersonController.swift */; };
		658028CE23DA127F00BE3543 /* Default-568h@2x.png in Resources */ = {isa = PBXBuildFile; fileRef = 658028CD23DA127F00BE3543 /* Default-568h@2x.png */; };
		658028D023DA157400BE3543 /* NetworkError.swift in Sources */ = {isa = PBXBuildFile; fileRef = 658028CF23DA157400BE3543 /* NetworkError.swift */; };
		658028D223DA1B7100BE3543 /* PersonListTableViewController.swift in Sources */ = {isa = PBXBuildFile; fileRef = 658028D123DA1B7100BE3543 /* PersonListTableViewController.swift */; };
		658028D523DA239000BE3543 /* UIViewControllerExtension.swift in Sources */ = {isa = PBXBuildFile; fileRef = 658028D423DA239000BE3543 /* UIViewControllerExtension.swift */; };
/* End PBXBuildFile section */

/* Begin PBXFileReference section */
		658028AB23DA0B1300BE3543 /* DevMountainHOF.app */ = {isa = PBXFileReference; explicitFileType = wrapper.application; includeInIndex = 0; path = DevMountainHOF.app; sourceTree = BUILT_PRODUCTS_DIR; };
		658028AE23DA0B1300BE3543 /* AppDelegate.swift */ = {isa = PBXFileReference; lastKnownFileType = sourcecode.swift; path = AppDelegate.swift; sourceTree = "<group>"; };
		658028B023DA0B1300BE3543 /* SceneDelegate.swift */ = {isa = PBXFileReference; lastKnownFileType = sourcecode.swift; path = SceneDelegate.swift; sourceTree = "<group>"; };
		658028B523DA0B1300BE3543 /* Base */ = {isa = PBXFileReference; lastKnownFileType = file.storyboard; name = Base; path = Base.lproj/Main.storyboard; sourceTree = "<group>"; };
		658028B723DA0B1300BE3543 /* Assets.xcassets */ = {isa = PBXFileReference; lastKnownFileType = folder.assetcatalog; path = Assets.xcassets; sourceTree = "<group>"; };
		658028BA23DA0B1300BE3543 /* Base */ = {isa = PBXFileReference; lastKnownFileType = file.storyboard; name = Base; path = Base.lproj/LaunchScreen.storyboard; sourceTree = "<group>"; };
		658028BC23DA0B1300BE3543 /* Info.plist */ = {isa = PBXFileReference; lastKnownFileType = text.plist.xml; path = Info.plist; sourceTree = "<group>"; };
		658028C923DA0E5100BE3543 /* Person.swift */ = {isa = PBXFileReference; lastKnownFileType = sourcecode.swift; path = Person.swift; sourceTree = "<group>"; };
		658028CB23DA10DA00BE3543 /* PersonController.swift */ = {isa = PBXFileReference; lastKnownFileType = sourcecode.swift; path = PersonController.swift; sourceTree = "<group>"; };
		658028CD23DA127F00BE3543 /* Default-568h@2x.png */ = {isa = PBXFileReference; lastKnownFileType = image.png; path = "Default-568h@2x.png"; sourceTree = "<group>"; };
		658028CF23DA157400BE3543 /* NetworkError.swift */ = {isa = PBXFileReference; lastKnownFileType = sourcecode.swift; path = NetworkError.swift; sourceTree = "<group>"; };
		658028D123DA1B7100BE3543 /* PersonListTableViewController.swift */ = {isa = PBXFileReference; lastKnownFileType = sourcecode.swift; path = PersonListTableViewController.swift; sourceTree = "<group>"; };
		658028D423DA239000BE3543 /* UIViewControllerExtension.swift */ = {isa = PBXFileReference; lastKnownFileType = sourcecode.swift; path = UIViewControllerExtension.swift; sourceTree = "<group>"; };
/* End PBXFileReference section */

/* Begin PBXFrameworksBuildPhase section */
		658028A823DA0B1300BE3543 /* Frameworks */ = {
			isa = PBXFrameworksBuildPhase;
			buildActionMask = 2147483647;
			files = (
			);
			runOnlyForDeploymentPostprocessing = 0;
		};
/* End PBXFrameworksBuildPhase section */

/* Begin PBXGroup section */
		658028A223DA0B1300BE3543 = {
			isa = PBXGroup;
			children = (
				658028CD23DA127F00BE3543 /* Default-568h@2x.png */,
				658028AD23DA0B1300BE3543 /* DevMountainHOF */,
				658028AC23DA0B1300BE3543 /* Products */,
			);
			sourceTree = "<group>";
		};
		658028AC23DA0B1300BE3543 /* Products */ = {
			isa = PBXGroup;
			children = (
				658028AB23DA0B1300BE3543 /* DevMountainHOF.app */,
			);
			name = Products;
			sourceTree = "<group>";
		};
		658028AD23DA0B1300BE3543 /* DevMountainHOF */ = {
			isa = PBXGroup;
			children = (
				658028D323DA238300BE3543 /* Helpers */,
				658028C523DA0B3500BE3543 /* Model */,
				658028C423DA0B2D00BE3543 /* Controllers */,
				658028C623DA0B3900BE3543 /* Services */,
				658028C323DA0B2800BE3543 /* Views */,
				658028C223DA0B1800BE3543 /* Resources */,
			);
			path = DevMountainHOF;
			sourceTree = "<group>";
		};
		658028C223DA0B1800BE3543 /* Resources */ = {
			isa = PBXGroup;
			children = (
				658028AE23DA0B1300BE3543 /* AppDelegate.swift */,
				658028B023DA0B1300BE3543 /* SceneDelegate.swift */,
				658028B723DA0B1300BE3543 /* Assets.xcassets */,
				658028B923DA0B1300BE3543 /* LaunchScreen.storyboard */,
				658028BC23DA0B1300BE3543 /* Info.plist */,
			);
			path = Resources;
			sourceTree = "<group>";
		};
		658028C323DA0B2800BE3543 /* Views */ = {
			isa = PBXGroup;
			children = (
				658028B423DA0B1300BE3543 /* Main.storyboard */,
			);
			path = Views;
			sourceTree = "<group>";
		};
		658028C423DA0B2D00BE3543 /* Controllers */ = {
			isa = PBXGroup;
			children = (
				658028C823DA0B5100BE3543 /* Model Controllers */,
				658028C723DA0B4A00BE3543 /* View Contollers */,
			);
			path = Controllers;
			sourceTree = "<group>";
		};
		658028C523DA0B3500BE3543 /* Model */ = {
			isa = PBXGroup;
			children = (
				658028C923DA0E5100BE3543 /* Person.swift */,
				658028CF23DA157400BE3543 /* NetworkError.swift */,
			);
			path = Model;
			sourceTree = "<group>";
		};
		658028C623DA0B3900BE3543 /* Services */ = {
			isa = PBXGroup;
			children = (
			);
			path = Services;
			sourceTree = "<group>";
		};
		658028C723DA0B4A00BE3543 /* View Contollers */ = {
			isa = PBXGroup;
			children = (
				658028D123DA1B7100BE3543 /* PersonListTableViewController.swift */,
			);
			path = "View Contollers";
			sourceTree = "<group>";
		};
		658028C823DA0B5100BE3543 /* Model Controllers */ = {
			isa = PBXGroup;
			children = (
				658028CB23DA10DA00BE3543 /* PersonController.swift */,
			);
			path = "Model Controllers";
			sourceTree = "<group>";
		};
		658028D323DA238300BE3543 /* Helpers */ = {
			isa = PBXGroup;
			children = (
				658028D423DA239000BE3543 /* UIViewControllerExtension.swift */,
			);
			path = Helpers;
			sourceTree = "<group>";
		};
/* End PBXGroup section */

/* Begin PBXNativeTarget section */
		658028AA23DA0B1300BE3543 /* DevMountainHOF */ = {
			isa = PBXNativeTarget;
			buildConfigurationList = 658028BF23DA0B1300BE3543 /* Build configuration list for PBXNativeTarget "DevMountainHOF" */;
			buildPhases = (
				658028A723DA0B1300BE3543 /* Sources */,
				658028A823DA0B1300BE3543 /* Frameworks */,
				658028A923DA0B1300BE3543 /* Resources */,
			);
			buildRules = (
			);
			dependencies = (
			);
			name = DevMountainHOF;
			productName = DevMountainHOF;
			productReference = 658028AB23DA0B1300BE3543 /* DevMountainHOF.app */;
			productType = "com.apple.product-type.application";
		};
/* End PBXNativeTarget section */

/* Begin PBXProject section */
		658028A323DA0B1300BE3543 /* Project object */ = {
			isa = PBXProject;
			attributes = {
				LastSwiftUpdateCheck = 1130;
				LastUpgradeCheck = 1130;
				ORGANIZATIONNAME = "Devin Singh";
				TargetAttributes = {
					658028AA23DA0B1300BE3543 = {
						CreatedOnToolsVersion = 11.3.1;
					};
				};
			};
			buildConfigurationList = 658028A623DA0B1300BE3543 /* Build configuration list for PBXProject "DevMountainHOF" */;
			compatibilityVersion = "Xcode 9.3";
			developmentRegion = en;
			hasScannedForEncodings = 0;
			knownRegions = (
				en,
				Base,
			);
			mainGroup = 658028A223DA0B1300BE3543;
			productRefGroup = 658028AC23DA0B1300BE3543 /* Products */;
			projectDirPath = "";
			projectRoot = "";
			targets = (
				658028AA23DA0B1300BE3543 /* DevMountainHOF */,
			);
		};
/* End PBXProject section */

/* Begin PBXResourcesBuildPhase section */
		658028A923DA0B1300BE3543 /* Resources */ = {
			isa = PBXResourcesBuildPhase;
			buildActionMask = 2147483647;
			files = (
				658028BB23DA0B1300BE3543 /* LaunchScreen.storyboard in Resources */,
				658028CE23DA127F00BE3543 /* Default-568h@2x.png in Resources */,
				658028B823DA0B1300BE3543 /* Assets.xcassets in Resources */,
				658028B623DA0B1300BE3543 /* Main.storyboard in Resources */,
			);
			runOnlyForDeploymentPostprocessing = 0;
		};
/* End PBXResourcesBuildPhase section */

/* Begin PBXSourcesBuildPhase section */
		658028A723DA0B1300BE3543 /* Sources */ = {
			isa = PBXSourcesBuildPhase;
			buildActionMask = 2147483647;
			files = (
				658028CC23DA10DA00BE3543 /* PersonController.swift in Sources */,
				658028CA23DA0E5100BE3543 /* Person.swift in Sources */,
				658028D223DA1B7100BE3543 /* PersonListTableViewController.swift in Sources */,
				658028AF23DA0B1300BE3543 /* AppDelegate.swift in Sources */,
				658028B123DA0B1300BE3543 /* SceneDelegate.swift in Sources */,
				658028D523DA239000BE3543 /* UIViewControllerExtension.swift in Sources */,
				658028D023DA157400BE3543 /* NetworkError.swift in Sources */,
			);
			runOnlyForDeploymentPostprocessing = 0;
		};
/* End PBXSourcesBuildPhase section */

/* Begin PBXVariantGroup section */
		658028B423DA0B1300BE3543 /* Main.storyboard */ = {
			isa = PBXVariantGroup;
			children = (
				658028B523DA0B1300BE3543 /* Base */,
			);
			name = Main.storyboard;
			sourceTree = "<group>";
		};
		658028B923DA0B1300BE3543 /* LaunchScreen.storyboard */ = {
			isa = PBXVariantGroup;
			children = (
				658028BA23DA0B1300BE3543 /* Base */,
			);
			name = LaunchScreen.storyboard;
			sourceTree = "<group>";
		};
/* End PBXVariantGroup section */

/* Begin XCBuildConfiguration section */
		658028BD23DA0B1300BE3543 /* Debug */ = {
			isa = XCBuildConfiguration;
			buildSettings = {
				ALWAYS_SEARCH_USER_PATHS = NO;
				CLANG_ANALYZER_NONNULL = YES;
				CLANG_ANALYZER_NUMBER_OBJECT_CONVERSION = YES_AGGRESSIVE;
				CLANG_CXX_LANGUAGE_STANDARD = "gnu++14";
				CLANG_CXX_LIBRARY = "libc++";
				CLANG_ENABLE_MODULES = YES;
				CLANG_ENABLE_OBJC_ARC = YES;
				CLANG_ENABLE_OBJC_WEAK = YES;
				CLANG_WARN_BLOCK_CAPTURE_AUTORELEASING = YES;
				CLANG_WARN_BOOL_CONVERSION = YES;
				CLANG_WARN_COMMA = YES;
				CLANG_WARN_CONSTANT_CONVERSION = YES;
				CLANG_WARN_DEPRECATED_OBJC_IMPLEMENTATIONS = YES;
				CLANG_WARN_DIRECT_OBJC_ISA_USAGE = YES_ERROR;
				CLANG_WARN_DOCUMENTATION_COMMENTS = YES;
				CLANG_WARN_EMPTY_BODY = YES;
				CLANG_WARN_ENUM_CONVERSION = YES;
				CLANG_WARN_INFINITE_RECURSION = YES;
				CLANG_WARN_INT_CONVERSION = YES;
				CLANG_WARN_NON_LITERAL_NULL_CONVERSION = YES;
				CLANG_WARN_OBJC_IMPLICIT_RETAIN_SELF = YES;
				CLANG_WARN_OBJC_LITERAL_CONVERSION = YES;
				CLANG_WARN_OBJC_ROOT_CLASS = YES_ERROR;
				CLANG_WARN_RANGE_LOOP_ANALYSIS = YES;
				CLANG_WARN_STRICT_PROTOTYPES = YES;
				CLANG_WARN_SUSPICIOUS_MOVE = YES;
				CLANG_WARN_UNGUARDED_AVAILABILITY = YES_AGGRESSIVE;
				CLANG_WARN_UNREACHABLE_CODE = YES;
				CLANG_WARN__DUPLICATE_METHOD_MATCH = YES;
				COPY_PHASE_STRIP = NO;
				DEBUG_INFORMATION_FORMAT = dwarf;
				ENABLE_STRICT_OBJC_MSGSEND = YES;
				ENABLE_TESTABILITY = YES;
				GCC_C_LANGUAGE_STANDARD = gnu11;
				GCC_DYNAMIC_NO_PIC = NO;
				GCC_NO_COMMON_BLOCKS = YES;
				GCC_OPTIMIZATION_LEVEL = 0;
				GCC_PREPROCESSOR_DEFINITIONS = (
					"DEBUG=1",
					"$(inherited)",
				);
				GCC_WARN_64_TO_32_BIT_CONVERSION = YES;
				GCC_WARN_ABOUT_RETURN_TYPE = YES_ERROR;
				GCC_WARN_UNDECLARED_SELECTOR = YES;
				GCC_WARN_UNINITIALIZED_AUTOS = YES_AGGRESSIVE;
				GCC_WARN_UNUSED_FUNCTION = YES;
				GCC_WARN_UNUSED_VARIABLE = YES;
				IPHONEOS_DEPLOYMENT_TARGET = 13.2;
				MTL_ENABLE_DEBUG_INFO = INCLUDE_SOURCE;
				MTL_FAST_MATH = YES;
				ONLY_ACTIVE_ARCH = YES;
				SDKROOT = iphoneos;
				SWIFT_ACTIVE_COMPILATION_CONDITIONS = DEBUG;
				SWIFT_OPTIMIZATION_LEVEL = "-Onone";
			};
			name = Debug;
		};
		658028BE23DA0B1300BE3543 /* Release */ = {
			isa = XCBuildConfiguration;
			buildSettings = {
				ALWAYS_SEARCH_USER_PATHS = NO;
				CLANG_ANALYZER_NONNULL = YES;
				CLANG_ANALYZER_NUMBER_OBJECT_CONVERSION = YES_AGGRESSIVE;
				CLANG_CXX_LANGUAGE_STANDARD = "gnu++14";
				CLANG_CXX_LIBRARY = "libc++";
				CLANG_ENABLE_MODULES = YES;
				CLANG_ENABLE_OBJC_ARC = YES;
				CLANG_ENABLE_OBJC_WEAK = YES;
				CLANG_WARN_BLOCK_CAPTURE_AUTORELEASING = YES;
				CLANG_WARN_BOOL_CONVERSION = YES;
				CLANG_WARN_COMMA = YES;
				CLANG_WARN_CONSTANT_CONVERSION = YES;
				CLANG_WARN_DEPRECATED_OBJC_IMPLEMENTATIONS = YES;
				CLANG_WARN_DIRECT_OBJC_ISA_USAGE = YES_ERROR;
				CLANG_WARN_DOCUMENTATION_COMMENTS = YES;
				CLANG_WARN_EMPTY_BODY = YES;
				CLANG_WARN_ENUM_CONVERSION = YES;
				CLANG_WARN_INFINITE_RECURSION = YES;
				CLANG_WARN_INT_CONVERSION = YES;
				CLANG_WARN_NON_LITERAL_NULL_CONVERSION = YES;
				CLANG_WARN_OBJC_IMPLICIT_RETAIN_SELF = YES;
				CLANG_WARN_OBJC_LITERAL_CONVERSION = YES;
				CLANG_WARN_OBJC_ROOT_CLASS = YES_ERROR;
				CLANG_WARN_RANGE_LOOP_ANALYSIS = YES;
				CLANG_WARN_STRICT_PROTOTYPES = YES;
				CLANG_WARN_SUSPICIOUS_MOVE = YES;
				CLANG_WARN_UNGUARDED_AVAILABILITY = YES_AGGRESSIVE;
				CLANG_WARN_UNREACHABLE_CODE = YES;
				CLANG_WARN__DUPLICATE_METHOD_MATCH = YES;
				COPY_PHASE_STRIP = NO;
				DEBUG_INFORMATION_FORMAT = "dwarf-with-dsym";
				ENABLE_NS_ASSERTIONS = NO;
				ENABLE_STRICT_OBJC_MSGSEND = YES;
				GCC_C_LANGUAGE_STANDARD = gnu11;
				GCC_NO_COMMON_BLOCKS = YES;
				GCC_WARN_64_TO_32_BIT_CONVERSION = YES;
				GCC_WARN_ABOUT_RETURN_TYPE = YES_ERROR;
				GCC_WARN_UNDECLARED_SELECTOR = YES;
				GCC_WARN_UNINITIALIZED_AUTOS = YES_AGGRESSIVE;
				GCC_WARN_UNUSED_FUNCTION = YES;
				GCC_WARN_UNUSED_VARIABLE = YES;
				IPHONEOS_DEPLOYMENT_TARGET = 13.2;
				MTL_ENABLE_DEBUG_INFO = NO;
				MTL_FAST_MATH = YES;
				SDKROOT = iphoneos;
				SWIFT_COMPILATION_MODE = wholemodule;
				SWIFT_OPTIMIZATION_LEVEL = "-O";
				VALIDATE_PRODUCT = YES;
			};
			name = Release;
		};
		658028C023DA0B1300BE3543 /* Debug */ = {
			isa = XCBuildConfiguration;
			buildSettings = {
				ASSETCATALOG_COMPILER_APPICON_NAME = AppIcon;
				CODE_SIGN_STYLE = Automatic;
				DEVELOPMENT_TEAM = 78Q4S5C992;
				INFOPLIST_FILE = DevMountainHOF/Resources/Info.plist;
				LD_RUNPATH_SEARCH_PATHS = (
					"$(inherited)",
					"@executable_path/Frameworks",
				);
				PRODUCT_BUNDLE_IDENTIFIER = com.DevinS.DevMountainHOF;
				PRODUCT_NAME = "$(TARGET_NAME)";
				SWIFT_VERSION = 5.0;
				TARGETED_DEVICE_FAMILY = "1,2";
			};
			name = Debug;
		};
		658028C123DA0B1300BE3543 /* Release */ = {
			isa = XCBuildConfiguration;
			buildSettings = {
				ASSETCATALOG_COMPILER_APPICON_NAME = AppIcon;
				CODE_SIGN_STYLE = Automatic;
				DEVELOPMENT_TEAM = 78Q4S5C992;
				INFOPLIST_FILE = DevMountainHOF/Resources/Info.plist;
				LD_RUNPATH_SEARCH_PATHS = (
					"$(inherited)",
					"@executable_path/Frameworks",
				);
				PRODUCT_BUNDLE_IDENTIFIER = com.DevinS.DevMountainHOF;
				PRODUCT_NAME = "$(TARGET_NAME)";
				SWIFT_VERSION = 5.0;
				TARGETED_DEVICE_FAMILY = "1,2";
			};
			name = Release;
		};
/* End XCBuildConfiguration section */

/* Begin XCConfigurationList section */
		658028A623DA0B1300BE3543 /* Build configuration list for PBXProject "DevMountainHOF" */ = {
			isa = XCConfigurationList;
			buildConfigurations = (
				658028BD23DA0B1300BE3543 /* Debug */,
				658028BE23DA0B1300BE3543 /* Release */,
			);
			defaultConfigurationIsVisible = 0;
			defaultConfigurationName = Release;
		};
		658028BF23DA0B1300BE3543 /* Build configuration list for PBXNativeTarget "DevMountainHOF" */ = {
			isa = XCConfigurationList;
			buildConfigurations = (
				658028C023DA0B1300BE3543 /* Debug */,
				658028C123DA0B1300BE3543 /* Release */,
			);
			defaultConfigurationIsVisible = 0;
			defaultConfigurationName = Release;
		};
/* End XCConfigurationList section */
	};
	rootObject = 658028A323DA0B1300BE3543 /* Project object */;
}
